lockfile_version: '1'
generated_at: '2026-06-23T08:19:46.578545+00:00'
dependencies: []
local_deployed_files:
- .agents/skills/python-best-practices
- .agents/skills/python-best-practices/SKILL.md
- .github/agents/python.agent.md
local_deployed_file_hashes:
  .agents/skills/python-best-practices/SKILL.md: sha256:9e530b9e354d73b3876db0b93bd69c99e01f389e4208be5df63ceabe9b798711
  .github/agents/python.agent.md: sha256:40cfb1c9b6be84f0ecac5043f66e6727eda45e502b2471a9604a56207ddf8b9c
